
Microsoft Visual Studio Solution File, Format Version 12.00
# Visual Studio Version 16
VisualStudioVersion = 16.0.31702.278
MinimumVisualStudioVersion = 10.0.40219.1
Project("{FAE04EC0-301F-11D3-BF4B-00C04F79EFBC}") = "NumberGenerator", "NumberGenerator\NumberGenerator.csproj", "{98E73CF1-A575-48BF-AC42-794706D233E3}"
EndProject
Project("{FAE04EC0-301F-11D3-BF4B-00C04F79EFBC}") = "NumberGenerator.Tests", "NumberGenerator.Tests\NumberGenerator.Tests.csproj", "{EAF8632C-41F0-4086-9D91-E15838FF8F45}"
EndProject
Global
	GlobalSection(SolutionConfigurationPlatforms) = preSolution
		Debug|Any CPU = Debug|Any CPU
		Release|Any CPU = Release|Any CPU
	EndGlobalSection
	GlobalSection(ProjectConfigurationPlatforms) = postSolution
		{98E73CF1-A575-48BF-AC42-794706D233E3}.Debug|Any CPU.ActiveCfg = Debug|Any CPU
		{98E73CF1-A575-48BF-AC42-794706D233E3}.Debug|Any CPU.Build.0 = Debug|Any CPU
		{98E73CF1-A575-48BF-AC42-794706D233E3}.Release|Any CPU.ActiveCfg = Release|Any CPU
		{98E73CF1-A575-48BF-AC42-794706D233E3}.Release|Any CPU.Build.0 = Release|Any CPU
		{EAF8632C-41F0-4086-9D91-E15838FF8F45}.Debug|Any CPU.ActiveCfg = Debug|Any CPU
		{EAF8632C-41F0-4086-9D91-E15838FF8F45}.Debug|Any CPU.Build.0 = Debug|Any CPU
		{EAF8632C-41F0-4086-9D91-E15838FF8F45}.Release|Any CPU.ActiveCfg = Release|Any CPU
		{EAF8632C-41F0-4086-9D91-E15838FF8F45}.Release|Any CPU.Build.0 = Release|Any CPU
	EndGlobalSection
	GlobalSection(SolutionProperties) = preSolution
		HideSolutionNode = FALSE
	EndGlobalSection
	GlobalSection(ExtensibilityGlobals) = postSolution
		SolutionGuid = {936F1168-8BCD-40F6-9F1A-E3FD1B334311}
	EndGlobalSection
EndGlobal
